
Microsoft Visual Studio Solution File, Format Version 12.00
# Visual Studio Version 17
VisualStudioVersion = 17.10.35122.118
MinimumVisualStudioVersion = 10.0.40219.1
Project("{2150E333-8FDC-42A3-9474-1A3956D46DE8}") = "src", "src", "{5A113E65-6C96-4FD2-A2B6-B5E597B07742}"
EndProject
Project("{2150E333-8FDC-42A3-9474-1A3956D46DE8}") = "ECommerceService", "ECommerceService", "{E1DDDC8D-4870-4E34-9EA3-654D0B9E4BDF}"
EndProject
Project("{FAE04EC0-301F-11D3-BF4B-00C04F79EFBC}") = "OrderService.API", "OrderService.API\OrderService.API.csproj", "{C83A39EB-157F-457E-B3CB-25890454416E}"
EndProject
Project("{FAE04EC0-301F-11D3-BF4B-00C04F79EFBC}") = "OrderService.Application", "OrderService.Application\OrderService.Application.csproj", "{2C786D0B-B4C4-406D-9C22-4EF98C291310}"
EndProject
Project("{FAE04EC0-301F-11D3-BF4B-00C04F79EFBC}") = "OrderService.Domain", "OrderService.Domain\OrderService.Domain.csproj", "{DC472CAE-CCA0-4370-BEA3-7AF614C48756}"
EndProject
Project("{2150E333-8FDC-42A3-9474-1A3956D46DE8}") = "OrderService", "OrderService", "{61E2AD8E-AB99-41B5-A64A-735C7786FF54}"
EndProject
Project("{FAE04EC0-301F-11D3-BF4B-00C04F79EFBC}") = "OrderService.Infrastructure", "OrderService.Infrastructure\OrderService.Infrastructure.csproj", "{777FF39D-967E-4B39-8D26-ED660C29C37A}"
EndProject
Global
	GlobalSection(SolutionConfigurationPlatforms) = preSolution
		Debug|Any CPU = Debug|Any CPU
		Release|Any CPU = Release|Any CPU
	EndGlobalSection
	GlobalSection(ProjectConfigurationPlatforms) = postSolution
		{C83A39EB-157F-457E-B3CB-25890454416E}.Debug|Any CPU.ActiveCfg = Debug|Any CPU
		{C83A39EB-157F-457E-B3CB-25890454416E}.Debug|Any CPU.Build.0 = Debug|Any CPU
		{C83A39EB-157F-457E-B3CB-25890454416E}.Release|Any CPU.ActiveCfg = Release|Any CPU
		{C83A39EB-157F-457E-B3CB-25890454416E}.Release|Any CPU.Build.0 = Release|Any CPU
		{2C786D0B-B4C4-406D-9C22-4EF98C291310}.Debug|Any CPU.ActiveCfg = Debug|Any CPU
		{2C786D0B-B4C4-406D-9C22-4EF98C291310}.Debug|Any CPU.Build.0 = Debug|Any CPU
		{2C786D0B-B4C4-406D-9C22-4EF98C291310}.Release|Any CPU.ActiveCfg = Release|Any CPU
		{2C786D0B-B4C4-406D-9C22-4EF98C291310}.Release|Any CPU.Build.0 = Release|Any CPU
		{DC472CAE-CCA0-4370-BEA3-7AF614C48756}.Debug|Any CPU.ActiveCfg = Debug|Any CPU
		{DC472CAE-CCA0-4370-BEA3-7AF614C48756}.Debug|Any CPU.Build.0 = Debug|Any CPU
		{DC472CAE-CCA0-4370-BEA3-7AF614C48756}.Release|Any CPU.ActiveCfg = Release|Any CPU
		{DC472CAE-CCA0-4370-BEA3-7AF614C48756}.Release|Any CPU.Build.0 = Release|Any CPU
		{777FF39D-967E-4B39-8D26-ED660C29C37A}.Debug|Any CPU.ActiveCfg = Debug|Any CPU
		{777FF39D-967E-4B39-8D26-ED660C29C37A}.Debug|Any CPU.Build.0 = Debug|Any CPU
		{777FF39D-967E-4B39-8D26-ED660C29C37A}.Release|Any CPU.ActiveCfg = Release|Any CPU
		{777FF39D-967E-4B39-8D26-ED660C29C37A}.Release|Any CPU.Build.0 = Release|Any CPU
	EndGlobalSection
	GlobalSection(SolutionProperties) = preSolution
		HideSolutionNode = FALSE
	EndGlobalSection
	GlobalSection(NestedProjects) = preSolution
		{E1DDDC8D-4870-4E34-9EA3-654D0B9E4BDF} = {5A113E65-6C96-4FD2-A2B6-B5E597B07742}
		{C83A39EB-157F-457E-B3CB-25890454416E} = {61E2AD8E-AB99-41B5-A64A-735C7786FF54}
		{2C786D0B-B4C4-406D-9C22-4EF98C291310} = {61E2AD8E-AB99-41B5-A64A-735C7786FF54}
		{DC472CAE-CCA0-4370-BEA3-7AF614C48756} = {61E2AD8E-AB99-41B5-A64A-735C7786FF54}
		{61E2AD8E-AB99-41B5-A64A-735C7786FF54} = {E1DDDC8D-4870-4E34-9EA3-654D0B9E4BDF}
		{777FF39D-967E-4B39-8D26-ED660C29C37A} = {61E2AD8E-AB99-41B5-A64A-735C7786FF54}
	EndGlobalSection
	GlobalSection(ExtensibilityGlobals) = postSolution
		SolutionGuid = {3E10B2CD-A80A-4410-BC5E-BC4D704A1282}
	EndGlobalSection
EndGlobal
